
Microsoft Visual Studio Solution File, Format Version 12.00
# Visual Studio Version 17
VisualStudioVersion = 17.8.34330.188
MinimumVisualStudioVersion = 10.0.40219.1
Project("{FAE04EC0-301F-11D3-BF4B-00C04F79EFBC}") = "Prac2", "Prac2\Prac2.csproj", "{954ECEA8-BF5D-4C72-8120-3A1991AB865C}"
EndProject
Global
	GlobalSection(SolutionConfigurationPlatforms) = preSolution
		Debug|Any CPU = Debug|Any CPU
		Release|Any CPU = Release|Any CPU
	EndGlobalSection
	GlobalSection(ProjectConfigurationPlatforms) = postSolution
		{954ECEA8-BF5D-4C72-8120-3A1991AB865C}.Debug|Any CPU.ActiveCfg = Debug|Any CPU
		{954ECEA8-BF5D-4C72-8120-3A1991AB865C}.Debug|Any CPU.Build.0 = Debug|Any CPU
		{954ECEA8-BF5D-4C72-8120-3A1991AB865C}.Release|Any CPU.ActiveCfg = Release|Any CPU
		{954ECEA8-BF5D-4C72-8120-3A1991AB865C}.Release|Any CPU.Build.0 = Release|Any CPU
	EndGlobalSection
	GlobalSection(SolutionProperties) = preSolution
		HideSolutionNode = FALSE
	EndGlobalSection
	GlobalSection(ExtensibilityGlobals) = postSolution
		SolutionGuid = {F7410FEF-88C1-4893-8EB2-40939002D5A9}
	EndGlobalSection
EndGlobal
