
Microsoft Visual Studio Solution File, Format Version 12.00
# Visual Studio Version 17
VisualStudioVersion = 17.8.34330.188
MinimumVisualStudioVersion = 10.0.40219.1
Project("{FAE04EC0-301F-11D3-BF4B-00C04F79EFBC}") = "Practical2", "Practical2\Practical2.csproj", "{B675A420-B2FD-42A8-9ED3-CDA28A4C4402}"
EndProject
Global
	GlobalSection(SolutionConfigurationPlatforms) = preSolution
		Debug|Any CPU = Debug|Any CPU
		Release|Any CPU = Release|Any CPU
	EndGlobalSection
	GlobalSection(ProjectConfigurationPlatforms) = postSolution
		{B675A420-B2FD-42A8-9ED3-CDA28A4C4402}.Debug|Any CPU.ActiveCfg = Debug|Any CPU
		{B675A420-B2FD-42A8-9ED3-CDA28A4C4402}.Debug|Any CPU.Build.0 = Debug|Any CPU
		{B675A420-B2FD-42A8-9ED3-CDA28A4C4402}.Release|Any CPU.ActiveCfg = Release|Any CPU
		{B675A420-B2FD-42A8-9ED3-CDA28A4C4402}.Release|Any CPU.Build.0 = Release|Any CPU
	EndGlobalSection
	GlobalSection(SolutionProperties) = preSolution
		HideSolutionNode = FALSE
	EndGlobalSection
	GlobalSection(ExtensibilityGlobals) = postSolution
		SolutionGuid = {3FA76AE0-F64B-4217-BA89-6C64A603A1D0}
	EndGlobalSection
EndGlobal
