
Microsoft Visual Studio Solution File, Format Version 12.00
# Visual Studio Version 17
VisualStudioVersion = 17.8.34330.188
MinimumVisualStudioVersion = 10.0.40219.1
Project("{FAE04EC0-301F-11D3-BF4B-00C04F79EFBC}") = "Practical3", "Practical3\Practical3.csproj", "{ACC24421-811C-497A-968B-0D375FAD3B44}"
EndProject
Global
	GlobalSection(SolutionConfigurationPlatforms) = preSolution
		Debug|Any CPU = Debug|Any CPU
		Release|Any CPU = Release|Any CPU
	EndGlobalSection
	GlobalSection(ProjectConfigurationPlatforms) = postSolution
		{ACC24421-811C-497A-968B-0D375FAD3B44}.Debug|Any CPU.ActiveCfg = Debug|Any CPU
		{ACC24421-811C-497A-968B-0D375FAD3B44}.Debug|Any CPU.Build.0 = Debug|Any CPU
		{ACC24421-811C-497A-968B-0D375FAD3B44}.Release|Any CPU.ActiveCfg = Release|Any CPU
		{ACC24421-811C-497A-968B-0D375FAD3B44}.Release|Any CPU.Build.0 = Release|Any CPU
	EndGlobalSection
	GlobalSection(SolutionProperties) = preSolution
		HideSolutionNode = FALSE
	EndGlobalSection
	GlobalSection(ExtensibilityGlobals) = postSolution
		SolutionGuid = {66991766-37B1-4558-B552-C616A814D5EA}
	EndGlobalSection
EndGlobal
